
Microsoft Visual Studio Solution File, Format Version 12.00
# Visual Studio Version 16
VisualStudioVersion = 16.0.30717.126
MinimumVisualStudioVersion = 10.0.40219.1
Project("{FAE04EC0-301F-11D3-BF4B-00C04F79EFBC}") = "Day01", "Day01\Day01.csproj", "{36B4C045-4239-4B14-8C71-6A1100CC2423}"
EndProject
Project("{FAE04EC0-301F-11D3-BF4B-00C04F79EFBC}") = "Day02", "Day02\Day02.csproj", "{3A28D77A-D011-4178-A66F-589CD07C1772}"
EndProject
Project("{FAE04EC0-301F-11D3-BF4B-00C04F79EFBC}") = "Day03", "Day03\Day03.csproj", "{AA602843-38CB-4ABC-B15F-03321C172AA3}"
EndProject
Project("{FAE04EC0-301F-11D3-BF4B-00C04F79EFBC}") = "Day04", "Day04\Day04.csproj", "{6D224592-8352-42CD-B907-300A86EBD84A}"
EndProject
Project("{FAE04EC0-301F-11D3-BF4B-00C04F79EFBC}") = "Day05", "Day05\Day05.csproj", "{AD3ED013-2163-4E44-8A2A-EE7EB5FC4815}"
EndProject
Project("{FAE04EC0-301F-11D3-BF4B-00C04F79EFBC}") = "Day06", "Day06\Day06.csproj", "{3F6F5C98-6381-4B4C-BCE2-6556CEC5672A}"
EndProject
Project("{FAE04EC0-301F-11D3-BF4B-00C04F79EFBC}") = "Day07", "Day07\Day07.csproj", "{985F0968-CE09-4051-B7B1-25F51A90AA2E}"
EndProject
Project("{FAE04EC0-301F-11D3-BF4B-00C04F79EFBC}") = "Day08", "Day08\Day08.csproj", "{8CD30B9A-55DB-4570-82A6-7D9AAD59344D}"
EndProject
Project("{FAE04EC0-301F-11D3-BF4B-00C04F79EFBC}") = "Day09", "Day09\Day09.csproj", "{41D64AED-CB5E-4C86-AEC3-5884EF9BB7EC}"
EndProject
Project("{FAE04EC0-301F-11D3-BF4B-00C04F79EFBC}") = "Day10", "Day10\Day10.csproj", "{EEB8B465-0D59-4666-A065-3DE9D559C134}"
EndProject
Project("{FAE04EC0-301F-11D3-BF4B-00C04F79EFBC}") = "Day11", "Day11\Day11.csproj", "{4EC6CF82-8B47-4FA0-AA1C-18CA6B714A99}"
EndProject
Project("{FAE04EC0-301F-11D3-BF4B-00C04F79EFBC}") = "Day12", "Day12\Day12.csproj", "{E3EB45D3-9AE3-43E4-B039-34A4B1BE37C7}"
EndProject
Project("{FAE04EC0-301F-11D3-BF4B-00C04F79EFBC}") = "Day13", "Day13\Day13.csproj", "{87A27684-0BDE-4231-A501-F5A72EAF86EF}"
EndProject
Project("{FAE04EC0-301F-11D3-BF4B-00C04F79EFBC}") = "Day14", "Day14\Day14.csproj", "{8F9683CF-3031-4C0C-8C8F-3C78C04C2C6C}"
EndProject
Project("{FAE04EC0-301F-11D3-BF4B-00C04F79EFBC}") = "Day15", "Day15\Day15.csproj", "{10E75E94-3D94-43E5-9524-5475F928238E}"
EndProject
Project("{FAE04EC0-301F-11D3-BF4B-00C04F79EFBC}") = "Day16", "Day16\Day16.csproj", "{2442DEEA-C84B-443C-9DB8-E6DA2A82E2F1}"
EndProject
Project("{FAE04EC0-301F-11D3-BF4B-00C04F79EFBC}") = "Day17", "Day17\Day17.csproj", "{D2D3531A-8AF2-48ED-9065-B0BAF3655AB2}"
EndProject
Project("{FAE04EC0-301F-11D3-BF4B-00C04F79EFBC}") = "Day18", "Day18\Day18.csproj", "{C72CBBD8-EC99-475B-80F6-9D469A11DA00}"
EndProject
Global
	GlobalSection(SolutionConfigurationPlatforms) = preSolution
		Debug|Any CPU = Debug|Any CPU
		Release|Any CPU = Release|Any CPU
	EndGlobalSection
	GlobalSection(ProjectConfigurationPlatforms) = postSolution
		{36B4C045-4239-4B14-8C71-6A1100CC2423}.Debug|Any CPU.ActiveCfg = Debug|Any CPU
		{36B4C045-4239-4B14-8C71-6A1100CC2423}.Debug|Any CPU.Build.0 = Debug|Any CPU
		{36B4C045-4239-4B14-8C71-6A1100CC2423}.Release|Any CPU.ActiveCfg = Release|Any CPU
		{36B4C045-4239-4B14-8C71-6A1100CC2423}.Release|Any CPU.Build.0 = Release|Any CPU
		{3A28D77A-D011-4178-A66F-589CD07C1772}.Debug|Any CPU.ActiveCfg = Debug|Any CPU
		{3A28D77A-D011-4178-A66F-589CD07C1772}.Debug|Any CPU.Build.0 = Debug|Any CPU
		{3A28D77A-D011-4178-A66F-589CD07C1772}.Release|Any CPU.ActiveCfg = Release|Any CPU
		{3A28D77A-D011-4178-A66F-589CD07C1772}.Release|Any CPU.Build.0 = Release|Any CPU
		{AA602843-38CB-4ABC-B15F-03321C172AA3}.Debug|Any CPU.ActiveCfg = Debug|Any CPU
		{AA602843-38CB-4ABC-B15F-03321C172AA3}.Debug|Any CPU.Build.0 = Debug|Any CPU
		{AA602843-38CB-4ABC-B15F-03321C172AA3}.Release|Any CPU.ActiveCfg = Release|Any CPU
		{AA602843-38CB-4ABC-B15F-03321C172AA3}.Release|Any CPU.Build.0 = Release|Any CPU
		{6D224592-8352-42CD-B907-300A86EBD84A}.Debug|Any CPU.ActiveCfg = Debug|Any CPU
		{6D224592-8352-42CD-B907-300A86EBD84A}.Debug|Any CPU.Build.0 = Debug|Any CPU
		{6D224592-8352-42CD-B907-300A86EBD84A}.Release|Any CPU.ActiveCfg = Release|Any CPU
		{6D224592-8352-42CD-B907-300A86EBD84A}.Release|Any CPU.Build.0 = Release|Any CPU
		{AD3ED013-2163-4E44-8A2A-EE7EB5FC4815}.Debug|Any CPU.ActiveCfg = Debug|Any CPU
		{AD3ED013-2163-4E44-8A2A-EE7EB5FC4815}.Debug|Any CPU.Build.0 = Debug|Any CPU
		{AD3ED013-2163-4E44-8A2A-EE7EB5FC4815}.Release|Any CPU.ActiveCfg = Release|Any CPU
		{AD3ED013-2163-4E44-8A2A-EE7EB5FC4815}.Release|Any CPU.Build.0 = Release|Any CPU
		{3F6F5C98-6381-4B4C-BCE2-6556CEC5672A}.Debug|Any CPU.ActiveCfg = Debug|Any CPU
		{3F6F5C98-6381-4B4C-BCE2-6556CEC5672A}.Debug|Any CPU.Build.0 = Debug|Any CPU
		{3F6F5C98-6381-4B4C-BCE2-6556CEC5672A}.Release|Any CPU.ActiveCfg = Release|Any CPU
		{3F6F5C98-6381-4B4C-BCE2-6556CEC5672A}.Release|Any CPU.Build.0 = Release|Any CPU
		{985F0968-CE09-4051-B7B1-25F51A90AA2E}.Debug|Any CPU.ActiveCfg = Debug|Any CPU
		{985F0968-CE09-4051-B7B1-25F51A90AA2E}.Debug|Any CPU.Build.0 = Debug|Any CPU
		{985F0968-CE09-4051-B7B1-25F51A90AA2E}.Release|Any CPU.ActiveCfg = Release|Any CPU
		{985F0968-CE09-4051-B7B1-25F51A90AA2E}.Release|Any CPU.Build.0 = Release|Any CPU
		{8CD30B9A-55DB-4570-82A6-7D9AAD59344D}.Debug|Any CPU.ActiveCfg = Debug|Any CPU
		{8CD30B9A-55DB-4570-82A6-7D9AAD59344D}.Debug|Any CPU.Build.0 = Debug|Any CPU
		{8CD30B9A-55DB-4570-82A6-7D9AAD59344D}.Release|Any CPU.ActiveCfg = Release|Any CPU
		{8CD30B9A-55DB-4570-82A6-7D9AAD59344D}.Release|Any CPU.Build.0 = Release|Any CPU
		{41D64AED-CB5E-4C86-AEC3-5884EF9BB7EC}.Debug|Any CPU.ActiveCfg = Debug|Any CPU
		{41D64AED-CB5E-4C86-AEC3-5884EF9BB7EC}.Debug|Any CPU.Build.0 = Debug|Any CPU
		{41D64AED-CB5E-4C86-AEC3-5884EF9BB7EC}.Release|Any CPU.ActiveCfg = Release|Any CPU
		{41D64AED-CB5E-4C86-AEC3-5884EF9BB7EC}.Release|Any CPU.Build.0 = Release|Any CPU
		{EEB8B465-0D59-4666-A065-3DE9D559C134}.Debug|Any CPU.ActiveCfg = Debug|Any CPU
		{EEB8B465-0D59-4666-A065-3DE9D559C134}.Debug|Any CPU.Build.0 = Debug|Any CPU
		{EEB8B465-0D59-4666-A065-3DE9D559C134}.Release|Any CPU.ActiveCfg = Release|Any CPU
		{EEB8B465-0D59-4666-A065-3DE9D559C134}.Release|Any CPU.Build.0 = Release|Any CPU
		{4EC6CF82-8B47-4FA0-AA1C-18CA6B714A99}.Debug|Any CPU.ActiveCfg = Debug|Any CPU
		{4EC6CF82-8B47-4FA0-AA1C-18CA6B714A99}.Debug|Any CPU.Build.0 = Debug|Any CPU
		{4EC6CF82-8B47-4FA0-AA1C-18CA6B714A99}.Release|Any CPU.ActiveCfg = Release|Any CPU
		{4EC6CF82-8B47-4FA0-AA1C-18CA6B714A99}.Release|Any CPU.Build.0 = Release|Any CPU
		{E3EB45D3-9AE3-43E4-B039-34A4B1BE37C7}.Debug|Any CPU.ActiveCfg = Debug|Any CPU
		{E3EB45D3-9AE3-43E4-B039-34A4B1BE37C7}.Debug|Any CPU.Build.0 = Debug|Any CPU
		{E3EB45D3-9AE3-43E4-B039-34A4B1BE37C7}.Release|Any CPU.ActiveCfg = Release|Any CPU
		{E3EB45D3-9AE3-43E4-B039-34A4B1BE37C7}.Release|Any CPU.Build.0 = Release|Any CPU
		{87A27684-0BDE-4231-A501-F5A72EAF86EF}.Debug|Any CPU.ActiveCfg = Debug|Any CPU
		{87A27684-0BDE-4231-A501-F5A72EAF86EF}.Debug|Any CPU.Build.0 = Debug|Any CPU
		{87A27684-0BDE-4231-A501-F5A72EAF86EF}.Release|Any CPU.ActiveCfg = Release|Any CPU
		{87A27684-0BDE-4231-A501-F5A72EAF86EF}.Release|Any CPU.Build.0 = Release|Any CPU
		{8F9683CF-3031-4C0C-8C8F-3C78C04C2C6C}.Debug|Any CPU.ActiveCfg = Debug|Any CPU
		{8F9683CF-3031-4C0C-8C8F-3C78C04C2C6C}.Debug|Any CPU.Build.0 = Debug|Any CPU
		{8F9683CF-3031-4C0C-8C8F-3C78C04C2C6C}.Release|Any CPU.ActiveCfg = Release|Any CPU
		{8F9683CF-3031-4C0C-8C8F-3C78C04C2C6C}.Release|Any CPU.Build.0 = Release|Any CPU
		{10E75E94-3D94-43E5-9524-5475F928238E}.Debug|Any CPU.ActiveCfg = Debug|Any CPU
		{10E75E94-3D94-43E5-9524-5475F928238E}.Debug|Any CPU.Build.0 = Debug|Any CPU
		{10E75E94-3D94-43E5-9524-5475F928238E}.Release|Any CPU.ActiveCfg = Release|Any CPU
		{10E75E94-3D94-43E5-9524-5475F928238E}.Release|Any CPU.Build.0 = Release|Any CPU
		{2442DEEA-C84B-443C-9DB8-E6DA2A82E2F1}.Debug|Any CPU.ActiveCfg = Debug|Any CPU
		{2442DEEA-C84B-443C-9DB8-E6DA2A82E2F1}.Debug|Any CPU.Build.0 = Debug|Any CPU
		{2442DEEA-C84B-443C-9DB8-E6DA2A82E2F1}.Release|Any CPU.ActiveCfg = Release|Any CPU
		{2442DEEA-C84B-443C-9DB8-E6DA2A82E2F1}.Release|Any CPU.Build.0 = Release|Any CPU
		{D2D3531A-8AF2-48ED-9065-B0BAF3655AB2}.Debug|Any CPU.ActiveCfg = Debug|Any CPU
		{D2D3531A-8AF2-48ED-9065-B0BAF3655AB2}.Debug|Any CPU.Build.0 = Debug|Any CPU
		{D2D3531A-8AF2-48ED-9065-B0BAF3655AB2}.Release|Any CPU.ActiveCfg = Release|Any CPU
		{D2D3531A-8AF2-48ED-9065-B0BAF3655AB2}.Release|Any CPU.Build.0 = Release|Any CPU
		{C72CBBD8-EC99-475B-80F6-9D469A11DA00}.Debug|Any CPU.ActiveCfg = Debug|Any CPU
		{C72CBBD8-EC99-475B-80F6-9D469A11DA00}.Debug|Any CPU.Build.0 = Debug|Any CPU
		{C72CBBD8-EC99-475B-80F6-9D469A11DA00}.Release|Any CPU.ActiveCfg = Release|Any CPU
		{C72CBBD8-EC99-475B-80F6-9D469A11DA00}.Release|Any CPU.Build.0 = Release|Any CPU
	EndGlobalSection
	GlobalSection(SolutionProperties) = preSolution
		HideSolutionNode = FALSE
	EndGlobalSection
	GlobalSection(ExtensibilityGlobals) = postSolution
		SolutionGuid = {75E49CBF-9DFC-4736-ADA1-DC03B8FF13F4}
	EndGlobalSection
EndGlobal
